
Microsoft Visual Studio Solution File, Format Version 12.00
# Visual Studio Version 17
VisualStudioVersion = 17.4.33213.308
MinimumVisualStudioVersion = 10.0.40219.1
Project("{FAE04EC0-301F-11D3-BF4B-00C04F79EFBC}") = "Final", "Final\Final.csproj", "{72037292-F927-494A-92FB-B949F46BD40D}"
EndProject
Global
	GlobalSection(SolutionConfigurationPlatforms) = preSolution
		Debug|Any CPU = Debug|Any CPU
		Release|Any CPU = Release|Any CPU
	EndGlobalSection
	GlobalSection(ProjectConfigurationPlatforms) = postSolution
		{72037292-F927-494A-92FB-B949F46BD40D}.Debug|Any CPU.ActiveCfg = Debug|Any CPU
		{72037292-F927-494A-92FB-B949F46BD40D}.Debug|Any CPU.Build.0 = Debug|Any CPU
		{72037292-F927-494A-92FB-B949F46BD40D}.Release|Any CPU.ActiveCfg = Release|Any CPU
		{72037292-F927-494A-92FB-B949F46BD40D}.Release|Any CPU.Build.0 = Release|Any CPU
	EndGlobalSection
	GlobalSection(SolutionProperties) = preSolution
		HideSolutionNode = FALSE
	EndGlobalSection
	GlobalSection(ExtensibilityGlobals) = postSolution
		SolutionGuid = {F103A552-0863-4520-AA29-BF420D039DE0}
	EndGlobalSection
EndGlobal
